// !$*UTF8*$!
{
	archiveVersion = 1;
	classes = {
	};
	objectVersion = 46;
	objects = {

/* Begin PBXBuildFile section */
		22B9ABA11BA5043000A40116 /* AppDelegate.swift in Sources */ = {isa = PBXBuildFile; fileRef = 22B9ABA01BA5043000A40116 /* AppDelegate.swift */; };
		22B9ABA31BA5043000A40116 /* ViewController.swift in Sources */ = {isa = PBXBuildFile; fileRef = 22B9ABA21BA5043000A40116 /* ViewController.swift */; };
		22B9ABA61BA5043000A40116 /* Main.storyboard in Resources */ = {isa = PBXBuildFile; fileRef = 22B9ABA41BA5043000A40116 /* Main.storyboard */; };
		22B9ABA81BA5043000A40116 /* Assets.xcassets in Resources */ = {isa = PBXBuildFile; fileRef = 22B9ABA71BA5043000A40116 /* Assets.xcassets */; };
		22B9ABAB1BA5043000A40116 /* LaunchScreen.storyboard in Resources */ = {isa = PBXBuildFile; fileRef = 22B9ABA91BA5043000A40116 /* LaunchScreen.storyboard */; };
		22B9ABB61BA5043000A40116 /* SegueTestingTests.swift in Sources */ = {isa = PBXBuildFile; fileRef = 22B9ABB51BA5043000A40116 /* SegueTestingTests.swift */; };
		22B9ABC11BA5043000A40116 /* SegueTestingUITests.swift in Sources */ = {isa = PBXBuildFile; fileRef = 22B9ABC01BA5043000A40116 /* SegueTestingUITests.swift */; };
/* End PBXBuildFile section */

/* Begin PBXContainerItemProxy section */
		22B9ABB21BA5043000A40116 /* PBXContainerItemProxy */ = {
			isa = PBXContainerItemProxy;
			containerPortal = 22B9AB951BA5043000A40116 /* Project object */;
			proxyType = 1;
			remoteGlobalIDString = 22B9AB9C1BA5043000A40116;
			remoteInfo = SegueTesting;
		};
		22B9ABBD1BA5043000A40116 /* PBXContainerItemProxy */ = {
			isa = PBXContainerItemProxy;
			containerPortal = 22B9AB951BA5043000A40116 /* Project object */;
			proxyType = 1;
			remoteGlobalIDString = 22B9AB9C1BA5043000A40116;
			remoteInfo = SegueTesting;
		};
/* End PBXContainerItemProxy section */

/* Begin PBXFileReference section */
		22B9AB9D1BA5043000A40116 /* SegueTesting.app */ = {isa = PBXFileReference; explicitFileType = wrapper.application; includeInIndex = 0; path = SegueTesting.app; sourceTree = BUILT_PRODUCTS_DIR; };
		22B9ABA01BA5043000A40116 /* AppDelegate.swift */ = {isa = PBXFileReference; lastKnownFileType = sourcecode.swift; path = AppDelegate.swift; sourceTree = "<group>"; };
		22B9ABA21BA5043000A40116 /* ViewController.swift */ = {isa = PBXFileReference; lastKnownFileType = sourcecode.swift; path = ViewController.swift; sourceTree = "<group>"; };
		22B9ABA51BA5043000A40116 /* Base */ = {isa = PBXFileReference; lastKnownFileType = file.storyboard; name = Base; path = Base.lproj/Main.storyboard; sourceTree = "<group>"; };
		22B9ABA71BA5043000A40116 /* Assets.xcassets */ = {isa = PBXFileReference; lastKnownFileType = folder.assetcatalog; path = Assets.xcassets; sourceTree = "<group>"; };
		22B9ABAA1BA5043000A40116 /* Base */ = {isa = PBXFileReference; lastKnownFileType = file.storyboard; name = Base; path = Base.lproj/LaunchScreen.storyboard; sourceTree = "<group>"; };
		22B9ABAC1BA5043000A40116 /* Info.plist */ = {isa = PBXFileReference; lastKnownFileType = text.plist.xml; path = Info.plist; sourceTree = "<group>"; };
		22B9ABB11BA5043000A40116 /* SegueTestingTests.xctest */ = {isa = PBXFileReference; explicitFileType = wrapper.cfbundle; includeInIndex = 0; path = SegueTestingTests.xctest; sourceTree = BUILT_PRODUCTS_DIR; };
		22B9ABB51BA5043000A40116 /* SegueTestingTests.swift */ = {isa = PBXFileReference; lastKnownFileType = sourcecode.swift; path = SegueTestingTests.swift; sourceTree = "<group>"; };
		22B9ABB71BA5043000A40116 /* Info.plist */ = {isa = PBXFileReference; lastKnownFileType = text.plist.xml; path = Info.plist; sourceTree = "<group>"; };
		22B9ABBC1BA5043000A40116 /* SegueTestingUITests.xctest */ = {isa = PBXFileReference; explicitFileType = wrapper.cfbundle; includeInIndex = 0; path = SegueTestingUITests.xctest; sourceTree = BUILT_PRODUCTS_DIR; };
		22B9ABC01BA5043000A40116 /* SegueTestingUITests.swift */ = {isa = PBXFileReference; lastKnownFileType = sourcecode.swift; path = SegueTestingUITests.swift; sourceTree = "<group>"; };
		22B9ABC21BA5043000A40116 /* Info.plist */ = {isa = PBXFileReference; lastKnownFileType = text.plist.xml; path = Info.plist; sourceTree = "<group>"; };
/* End PBXFileReference section */

/* Begin PBXFrameworksBuildPhase section */
		22B9AB9A1BA5043000A40116 /* Frameworks */ = {
			isa = PBXFrameworksBuildPhase;
			buildActionMask = 2147483647;
			files = (
			);
			runOnlyForDeploymentPostprocessing = 0;
		};
		22B9ABAE1BA5043000A40116 /* Frameworks */ = {
			isa = PBXFrameworksBuildPhase;
			buildActionMask = 2147483647;
			files = (
			);
			runOnlyForDeploymentPostprocessing = 0;
		};
		22B9ABB91BA5043000A40116 /* Frameworks */ = {
			isa = PBXFrameworksBuildPhase;
			buildActionMask = 2147483647;
			files = (
			);
			runOnlyForDeploymentPostprocessing = 0;
		};
/* End PBXFrameworksBuildPhase section */

/* Begin PBXGroup section */
		22B9AB941BA5043000A40116 = {
			isa = PBXGroup;
			children = (
				22B9AB9F1BA5043000A40116 /* SegueTesting */,
				22B9ABB41BA5043000A40116 /* SegueTestingTests */,
				22B9ABBF1BA5043000A40116 /* SegueTestingUITests */,
				22B9AB9E1BA5043000A40116 /* Products */,
			);
			sourceTree = "<group>";
		};
		22B9AB9E1BA5043000A40116 /* Products */ = {
			isa = PBXGroup;
			children = (
				22B9AB9D1BA5043000A40116 /* SegueTesting.app */,
				22B9ABB11BA5043000A40116 /* SegueTestingTests.xctest */,
				22B9ABBC1BA5043000A40116 /* SegueTestingUITests.xctest */,
			);
			name = Products;
			sourceTree = "<group>";
		};
		22B9AB9F1BA5043000A40116 /* SegueTesting */ = {
			isa = PBXGroup;
			children = (
				22B9ABA01BA5043000A40116 /* AppDelegate.swift */,
				22B9ABA21BA5043000A40116 /* ViewController.swift */,
				22B9ABA41BA5043000A40116 /* Main.storyboard */,
				22B9ABA71BA5043000A40116 /* Assets.xcassets */,
				22B9ABA91BA5043000A40116 /* LaunchScreen.storyboard */,
				22B9ABAC1BA5043000A40116 /* Info.plist */,
			);
			path = SegueTesting;
			sourceTree = "<group>";
		};
		22B9ABB41BA5043000A40116 /* SegueTestingTests */ = {
			isa = PBXGroup;
			children = (
				22B9ABB51BA5043000A40116 /* SegueTestingTests.swift */,
				22B9ABB71BA5043000A40116 /* Info.plist */,
			);
			path = SegueTestingTests;
			sourceTree = "<group>";
		};
		22B9ABBF1BA5043000A40116 /* SegueTestingUITests */ = {
			isa = PBXGroup;
			children = (
				22B9ABC01BA5043000A40116 /* SegueTestingUITests.swift */,
				22B9ABC21BA5043000A40116 /* Info.plist */,
			);
			path = SegueTestingUITests;
			sourceTree = "<group>";
		};
/* End PBXGroup section */

/* Begin PBXNativeTarget section */
		22B9AB9C1BA5043000A40116 /* SegueTesting */ = {
			isa = PBXNativeTarget;
			buildConfigurationList = 22B9ABC51BA5043000A40116 /* Build configuration list for PBXNativeTarget "SegueTesting" */;
			buildPhases = (
				22B9AB991BA5043000A40116 /* Sources */,
				22B9AB9A1BA5043000A40116 /* Frameworks */,
				22B9AB9B1BA5043000A40116 /* Resources */,
			);
			buildRules = (
			);
			dependencies = (
			);
			name = SegueTesting;
			productName = SegueTesting;
			productReference = 22B9AB9D1BA5043000A40116 /* SegueTesting.app */;
			productType = "com.apple.product-type.application";
		};
		22B9ABB01BA5043000A40116 /* SegueTestingTests */ = {
			isa = PBXNativeTarget;
			buildConfigurationList = 22B9ABC81BA5043000A40116 /* Build configuration list for PBXNativeTarget "SegueTestingTests" */;
			buildPhases = (
				22B9ABAD1BA5043000A40116 /* Sources */,
				22B9ABAE1BA5043000A40116 /* Frameworks */,
				22B9ABAF1BA5043000A40116 /* Resources */,
			);
			buildRules = (
			);
			dependencies = (
				22B9ABB31BA5043000A40116 /* PBXTargetDependency */,
			);
			name = SegueTestingTests;
			productName = SegueTestingTests;
			productReference = 22B9ABB11BA5043000A40116 /* SegueTestingTests.xctest */;
			productType = "com.apple.product-type.bundle.unit-test";
		};
		22B9ABBB1BA5043000A40116 /* SegueTestingUITests */ = {
			isa = PBXNativeTarget;
			buildConfigurationList = 22B9ABCB1BA5043000A40116 /* Build configuration list for PBXNativeTarget "SegueTestingUITests" */;
			buildPhases = (
				22B9ABB81BA5043000A40116 /* Sources */,
				22B9ABB91BA5043000A40116 /* Frameworks */,
				22B9ABBA1BA5043000A40116 /* Resources */,
			);
			buildRules = (
			);
			dependencies = (
				22B9ABBE1BA5043000A40116 /* PBXTargetDependency */,
			);
			name = SegueTestingUITests;
			productName = SegueTestingUITests;
			productReference = 22B9ABBC1BA5043000A40116 /* SegueTestingUITests.xctest */;
			productType = "com.apple.product-type.bundle.ui-testing";
		};
/* End PBXNativeTarget section */

/* Begin PBXProject section */
		22B9AB951BA5043000A40116 /* Project object */ = {
			isa = PBXProject;
			attributes = {
				LastUpgradeCheck = 0700;
				ORGANIZATIONNAME = "matt johnston";
				TargetAttributes = {
					22B9AB9C1BA5043000A40116 = {
						CreatedOnToolsVersion = 7.0;
					};
					22B9ABB01BA5043000A40116 = {
						CreatedOnToolsVersion = 7.0;
						TestTargetID = 22B9AB9C1BA5043000A40116;
					};
					22B9ABBB1BA5043000A40116 = {
						CreatedOnToolsVersion = 7.0;
						TestTargetID = 22B9AB9C1BA5043000A40116;
					};
				};
			};
			buildConfigurationList = 22B9AB981BA5043000A40116 /* Build configuration list for PBXProject "SegueTesting" */;
			compatibilityVersion = "Xcode 3.2";
			developmentRegion = English;
			hasScannedForEncodings = 0;
			knownRegions = (
				en,
				Base,
			);
			mainGroup = 22B9AB941BA5043000A40116;
			productRefGroup = 22B9AB9E1BA5043000A40116 /* Products */;
			projectDirPath = "";
			projectRoot = "";
			targets = (
				22B9AB9C1BA5043000A40116 /* SegueTesting */,
				22B9ABB01BA5043000A40116 /* SegueTestingTests */,
				22B9ABBB1BA5043000A40116 /* SegueTestingUITests */,
			);
		};
/* End PBXProject section */

/* Begin PBXResourcesBuildPhase section */
		22B9AB9B1BA5043000A40116 /* Resources */ = {
			isa = PBXResourcesBuildPhase;
			buildActionMask = 2147483647;
			files = (
				22B9ABAB1BA5043000A40116 /* LaunchScreen.storyboard in Resources */,
				22B9ABA81BA5043000A40116 /* Assets.xcassets in Resources */,
				22B9ABA61BA5043000A40116 /* Main.storyboard in Resources */,
			);
			runOnlyForDeploymentPostprocessing = 0;
		};
		22B9ABAF1BA5043000A40116 /* Resources */ = {
			isa = PBXResourcesBuildPhase;
			buildActionMask = 2147483647;
			files = (
			);
			runOnlyForDeploymentPostprocessing = 0;
		};
		22B9ABBA1BA5043000A40116 /* Resources */ = {
			isa = PBXResourcesBuildPhase;
			buildActionMask = 2147483647;
			files = (
			);
			runOnlyForDeploymentPostprocessing = 0;
		};
/* End PBXResourcesBuildPhase section */

/* Begin PBXSourcesBuildPhase section */
		22B9AB991BA5043000A40116 /* Sources */ = {
			isa = PBXSourcesBuildPhase;
			buildActionMask = 2147483647;
			files = (
				22B9ABA31BA5043000A40116 /* ViewController.swift in Sources */,
				22B9ABA11BA5043000A40116 /* AppDelegate.swift in Sources */,
			);
			runOnlyForDeploymentPostprocessing = 0;
		};
		22B9ABAD1BA5043000A40116 /* Sources */ = {
			isa = PBXSourcesBuildPhase;
			buildActionMask = 2147483647;
			files = (
				22B9ABB61BA5043000A40116 /* SegueTestingTests.swift in Sources */,
			);
			runOnlyForDeploymentPostprocessing = 0;
		};
		22B9ABB81BA5043000A40116 /* Sources */ = {
			isa = PBXSourcesBuildPhase;
			buildActionMask = 2147483647;
			files = (
				22B9ABC11BA5043000A40116 /* SegueTestingUITests.swift in Sources */,
			);
			runOnlyForDeploymentPostprocessing = 0;
		};
/* End PBXSourcesBuildPhase section */

/* Begin PBXTargetDependency section */
		22B9ABB31BA5043000A40116 /* PBXTargetDependency */ = {
			isa = PBXTargetDependency;
			target = 22B9AB9C1BA5043000A40116 /* SegueTesting */;
			targetProxy = 22B9ABB21BA5043000A40116 /* PBXContainerItemProxy */;
		};
		22B9ABBE1BA5043000A40116 /* PBXTargetDependency */ = {
			isa = PBXTargetDependency;
			target = 22B9AB9C1BA5043000A40116 /* SegueTesting */;
			targetProxy = 22B9ABBD1BA5043000A40116 /* PBXContainerItemProxy */;
		};
/* End PBXTargetDependency section */

/* Begin PBXVariantGroup section */
		22B9ABA41BA5043000A40116 /* Main.storyboard */ = {
			isa = PBXVariantGroup;
			children = (
				22B9ABA51BA5043000A40116 /* Base */,
			);
			name = Main.storyboard;
			sourceTree = "<group>";
		};
		22B9ABA91BA5043000A40116 /* LaunchScreen.storyboard */ = {
			isa = PBXVariantGroup;
			children = (
				22B9ABAA1BA5043000A40116 /* Base */,
			);
			name = LaunchScreen.storyboard;
			sourceTree = "<group>";
		};
/* End PBXVariantGroup section */

/* Begin XCBuildConfiguration section */
		22B9ABC31BA5043000A40116 /* Debug */ = {
			isa = XCBuildConfiguration;
			buildSettings = {
				ALWAYS_SEARCH_USER_PATHS = NO;
				CLANG_CXX_LANGUAGE_STANDARD = "gnu++0x";
				CLANG_CXX_LIBRARY = "libc++";
				CLANG_ENABLE_MODULES = YES;
				CLANG_ENABLE_OBJC_ARC = YES;
				CLANG_WARN_BOOL_CONVERSION = YES;
				CLANG_WARN_CONSTANT_CONVERSION = YES;
				CLANG_WARN_DIRECT_OBJC_ISA_USAGE = YES_ERROR;
				CLANG_WARN_EMPTY_BODY = YES;
				CLANG_WARN_ENUM_CONVERSION = YES;
				CLANG_WARN_INT_CONVERSION = YES;
				CLANG_WARN_OBJC_ROOT_CLASS = YES_ERROR;
				CLANG_WARN_UNREACHABLE_CODE = YES;
				CLANG_WARN__DUPLICATE_METHOD_MATCH = YES;
				"CODE_SIGN_IDENTITY[sdk=iphoneos*]" = "iPhone Developer";
				COPY_PHASE_STRIP = NO;
				DEBUG_INFORMATION_FORMAT = dwarf;
				ENABLE_STRICT_OBJC_MSGSEND = YES;
				ENABLE_TESTABILITY = YES;
				GCC_C_LANGUAGE_STANDARD = gnu99;
				GCC_DYNAMIC_NO_PIC = NO;
				GCC_NO_COMMON_BLOCKS = YES;
				GCC_OPTIMIZATION_LEVEL = 0;
				GCC_PREPROCESSOR_DEFINITIONS = (
					"DEBUG=1",
					"$(inherited)",
				);
				GCC_WARN_64_TO_32_BIT_CONVERSION = YES;
				GCC_WARN_ABOUT_RETURN_TYPE = YES_ERROR;
				GCC_WARN_UNDECLARED_SELECTOR = YES;
				GCC_WARN_UNINITIALIZED_AUTOS = YES_AGGRESSIVE;
				GCC_WARN_UNUSED_FUNCTION = YES;
				GCC_WARN_UNUSED_VARIABLE = YES;
				IPHONEOS_DEPLOYMENT_TARGET = 9.0;
				MTL_ENABLE_DEBUG_INFO = YES;
				ONLY_ACTIVE_ARCH = YES;
				SDKROOT = iphoneos;
				SWIFT_OPTIMIZATION_LEVEL = "-Onone";
				TARGETED_DEVICE_FAMILY = "1,2";
			};
			name = Debug;
		};
		22B9ABC41BA5043000A40116 /* Release */ = {
			isa = XCBuildConfiguration;
			buildSettings = {
				ALWAYS_SEARCH_USER_PATHS = NO;
				CLANG_CXX_LANGUAGE_STANDARD = "gnu++0x";
				CLANG_CXX_LIBRARY = "libc++";
				CLANG_ENABLE_MODULES = YES;
				CLANG_ENABLE_OBJC_ARC = YES;
				CLANG_WARN_BOOL_CONVERSION = YES;
				CLANG_WARN_CONSTANT_CONVERSION = YES;
				CLANG_WARN_DIRECT_OBJC_ISA_USAGE = YES_ERROR;
				CLANG_WARN_EMPTY_BODY = YES;
				CLANG_WARN_ENUM_CONVERSION = YES;
				CLANG_WARN_INT_CONVERSION = YES;
				CLANG_WARN_OBJC_ROOT_CLASS = YES_ERROR;
				CLANG_WARN_UNREACHABLE_CODE = YES;
				CLANG_WARN__DUPLICATE_METHOD_MATCH = YES;
				"CODE_SIGN_IDENTITY[sdk=iphoneos*]" = "iPhone Developer";
				COPY_PHASE_STRIP = NO;
				DEBUG_INFORMATION_FORMAT = "dwarf-with-dsym";
				ENABLE_NS_ASSERTIONS = NO;
				ENABLE_STRICT_OBJC_MSGSEND = YES;
				GCC_C_LANGUAGE_STANDARD = gnu99;
				GCC_NO_COMMON_BLOCKS = YES;
				GCC_WARN_64_TO_32_BIT_CONVERSION = YES;
				GCC_WARN_ABOUT_RETURN_TYPE = YES_ERROR;
				GCC_WARN_UNDECLARED_SELECTOR = YES;
				GCC_WARN_UNINITIALIZED_AUTOS = YES_AGGRESSIVE;
				GCC_WARN_UNUSED_FUNCTION = YES;
				GCC_WARN_UNUSED_VARIABLE = YES;
				IPHONEOS_DEPLOYMENT_TARGET = 9.0;
				MTL_ENABLE_DEBUG_INFO = NO;
				SDKROOT = iphoneos;
				TARGETED_DEVICE_FAMILY = "1,2";
				VALIDATE_PRODUCT = YES;
			};
			name = Release;
		};
		22B9ABC61BA5043000A40116 /* Debug */ = {
			isa = XCBuildConfiguration;
			buildSettings = {
				ASSETCATALOG_COMPILER_APPICON_NAME = AppIcon;
				INFOPLIST_FILE = SegueTesting/Info.plist;
				LD_RUNPATH_SEARCH_PATHS = "$(inherited) @executable_path/Frameworks";
				PRODUCT_BUNDLE_IDENTIFIER = com.bokzatrix.SegueTesting;
				PRODUCT_NAME = "$(TARGET_NAME)";
			};
			name = Debug;
		};
		22B9ABC71BA5043000A40116 /* Release */ = {
			isa = XCBuildConfiguration;
			buildSettings = {
				ASSETCATALOG_COMPILER_APPICON_NAME = AppIcon;
				INFOPLIST_FILE = SegueTesting/Info.plist;
				LD_RUNPATH_SEARCH_PATHS = "$(inherited) @executable_path/Frameworks";
				PRODUCT_BUNDLE_IDENTIFIER = com.bokzatrix.SegueTesting;
				PRODUCT_NAME = "$(TARGET_NAME)";
			};
			name = Release;
		};
		22B9ABC91BA5043000A40116 /* Debug */ = {
			isa = XCBuildConfiguration;
			buildSettings = {
				BUNDLE_LOADER = "$(TEST_HOST)";
				INFOPLIST_FILE = SegueTestingTests/Info.plist;
				LD_RUNPATH_SEARCH_PATHS = "$(inherited) @executable_path/Frameworks @loader_path/Frameworks";
				PRODUCT_BUNDLE_IDENTIFIER = com.bokzatrix.SegueTestingTests;
				PRODUCT_NAME = "$(TARGET_NAME)";
				TEST_HOST = "$(BUILT_PRODUCTS_DIR)/SegueTesting.app/SegueTesting";
			};
			name = Debug;
		};
		22B9ABCA1BA5043000A40116 /* Release */ = {
			isa = XCBuildConfiguration;
			buildSettings = {
				BUNDLE_LOADER = "$(TEST_HOST)";
				INFOPLIST_FILE = SegueTestingTests/Info.plist;
				LD_RUNPATH_SEARCH_PATHS = "$(inherited) @executable_path/Frameworks @loader_path/Frameworks";
				PRODUCT_BUNDLE_IDENTIFIER = com.bokzatrix.SegueTestingTests;
				PRODUCT_NAME = "$(TARGET_NAME)";
				TEST_HOST = "$(BUILT_PRODUCTS_DIR)/SegueTesting.app/SegueTesting";
			};
			name = Release;
		};
		22B9ABCC1BA5043000A40116 /* Debug */ = {
			isa = XCBuildConfiguration;
			buildSettings = {
				INFOPLIST_FILE = SegueTestingUITests/Info.plist;
				LD_RUNPATH_SEARCH_PATHS = "$(inherited) @executable_path/Frameworks @loader_path/Frameworks";
				PRODUCT_BUNDLE_IDENTIFIER = com.bokzatrix.SegueTestingUITests;
				PRODUCT_NAME = "$(TARGET_NAME)";
				TEST_TARGET_NAME = SegueTesting;
				USES_XCTRUNNER = YES;
			};
			name = Debug;
		};
		22B9ABCD1BA5043000A40116 /* Release */ = {
			isa = XCBuildConfiguration;
			buildSettings = {
				INFOPLIST_FILE = SegueTestingUITests/Info.plist;
				LD_RUNPATH_SEARCH_PATHS = "$(inherited) @executable_path/Frameworks @loader_path/Frameworks";
				PRODUCT_BUNDLE_IDENTIFIER = com.bokzatrix.SegueTestingUITests;
				PRODUCT_NAME = "$(TARGET_NAME)";
				TEST_TARGET_NAME = SegueTesting;
				USES_XCTRUNNER = YES;
			};
			name = Release;
		};
/* End XCBuildConfiguration section */

/* Begin XCConfigurationList section */
		22B9AB981BA5043000A40116 /* Build configuration list for PBXProject "SegueTesting" */ = {
			isa = XCConfigurationList;
			buildConfigurations = (
				22B9ABC31BA5043000A40116 /* Debug */,
				22B9ABC41BA5043000A40116 /* Release */,
			);
			defaultConfigurationIsVisible = 0;
			defaultConfigurationName = Release;
		};
		22B9ABC51BA5043000A40116 /* Build configuration list for PBXNativeTarget "SegueTesting" */ = {
			isa = XCConfigurationList;
			buildConfigurations = (
				22B9ABC61BA5043000A40116 /* Debug */,
				22B9ABC71BA5043000A40116 /* Release */,
			);
			defaultConfigurationIsVisible = 0;
		};
		22B9ABC81BA5043000A40116 /* Build configuration list for PBXNativeTarget "SegueTestingTests" */ = {
			isa = XCConfigurationList;
			buildConfigurations = (
				22B9ABC91BA5043000A40116 /* Debug */,
				22B9ABCA1BA5043000A40116 /* Release */,
			);
			defaultConfigurationIsVisible = 0;
		};
		22B9ABCB1BA5043000A40116 /* Build configuration list for PBXNativeTarget "SegueTestingUITests" */ = {
			isa = XCConfigurationList;
			buildConfigurations = (
				22B9ABCC1BA5043000A40116 /* Debug */,
				22B9ABCD1BA5043000A40116 /* Release */,
			);
			defaultConfigurationIsVisible = 0;
		};
/* End XCConfigurationList section */
	};
	rootObject = 22B9AB951BA5043000A40116 /* Project object */;
}
